
Microsoft Visual Studio Solution File, Format Version 12.00
# Visual Studio Version 17
VisualStudioVersion = 17.4.33213.308
MinimumVisualStudioVersion = 10.0.40219.1
Project("{FAE04EC0-301F-11D3-BF4B-00C04F79EFBC}") = "3-1class4", "3-1class4\3-1class4.csproj", "{3FD7A33D-3AC1-4E03-8B14-7F960895A282}"
EndProject
Global
	GlobalSection(SolutionConfigurationPlatforms) = preSolution
		Debug|Any CPU = Debug|Any CPU
		Release|Any CPU = Release|Any CPU
	EndGlobalSection
	GlobalSection(ProjectConfigurationPlatforms) = postSolution
		{3FD7A33D-3AC1-4E03-8B14-7F960895A282}.Debug|Any CPU.ActiveCfg = Debug|Any CPU
		{3FD7A33D-3AC1-4E03-8B14-7F960895A282}.Debug|Any CPU.Build.0 = Debug|Any CPU
		{3FD7A33D-3AC1-4E03-8B14-7F960895A282}.Release|Any CPU.ActiveCfg = Release|Any CPU
		{3FD7A33D-3AC1-4E03-8B14-7F960895A282}.Release|Any CPU.Build.0 = Release|Any CPU
	EndGlobalSection
	GlobalSection(SolutionProperties) = preSolution
		HideSolutionNode = FALSE
	EndGlobalSection
	GlobalSection(ExtensibilityGlobals) = postSolution
		SolutionGuid = {839C2038-A1FA-4717-BF57-BF1BD26FC889}
	EndGlobalSection
EndGlobal
